<?xml version="1.0" encoding="utf-8"?>
<Project ToolsVersion="4.0" xmlns="http://schemas.microsoft.com/developer/msbuild/2003">
  <ItemGroup>
    <Filter Include="Source Files">
      <UniqueIdentifier>{4FC737F1-C7A5-4376-A066-2A32D752A2FF}</UniqueIdentifier>
      <Extensions>cpp;c;cc;cxx;c++;cppm;ixx;def;odl;idl;hpj;bat;asm;asmx</Extensions>
    </Filter>
    <Filter Include="Header Files">
      <UniqueIdentifier>{93995380-89BD-4b04-88EB-625FBE52EBFB}</UniqueIdentifier>
      <Extensions>h;hh;hpp;hxx;h++;hm;inl;inc;ipp;xsd</Extensions>
    </Filter>
    <Filter Include="Resource Files">
      <UniqueIdentifier>{67DA6AB6-F800-4c08-8B7A-83BB121AAD01}</UniqueIdentifier>
      <Extensions>rc;ico;cur;bmp;dlg;rc2;rct;bin;rgs;gif;jpg;jpeg;jpe;resx;tiff;tif;png;wav;mfcribbon-ms</Extensions>
    </Filter>
  </ItemGroup>
  <ItemGroup>
    <ClCompile Include="main.cpp">
      <Filter>Source Files</Filter>
    </ClCompile>
    <ClCompile Include="Losses.cpp">
      <Filter>Source Files</Filter>
    </ClCompile>
    <ClCompile Include="Anode.cpp">
      <Filter>Source Files</Filter>
    </ClCompile>
    <ClCompile Include="Cathode.cpp">
      <Filter>Source Files</Filter>
    </ClCompile>
    <ClCompile Include="Thermodynamic.cpp">
      <Filter>Source Files</Filter>
    </ClCompile>
    <ClCompile Include="userInput.cpp">
      <Filter>Source Files</Filter>
    </ClCompile>
    <ClCompile Include="Membrane.cpp">
      <Filter>Source Files</Filter>
    </ClCompile>
    <ClCompile Include="supportLib.cpp">
      <Filter>Source Files</Filter>
    </ClCompile>
    <ClCompile Include="IncompressibleFilling.cpp">
      <Filter>Source Files</Filter>
    </ClCompile>
    <ClCompile Include="Emptying.cpp">
      <Filter>Source Files</Filter>
    </ClCompile>
    <ClCompile Include="discharging.cpp">
      <Filter>Source Files</Filter>
    </ClCompile>
    <ClCompile Include="AirCompressor.cpp">
      <Filter>Source Files</Filter>
    </ClCompile>
    <ClCompile Include="AirStorageTank.cpp">
      <Filter>Source Files</Filter>
    </ClCompile>
    <ClCompile Include="HydrogenCompressor.cpp">
      <Filter>Source Files</Filter>
    </ClCompile>
    <ClCompile Include="HydrogenStorageTank.cpp">
      <Filter>Source Files</Filter>
    </ClCompile>
  </ItemGroup>
  <ItemGroup>
    <ClInclude Include="Losses.h">
      <Filter>Source Files</Filter>
    </ClInclude>
    <ClInclude Include="Anode.h">
      <Filter>Source Files</Filter>
    </ClInclude>
    <ClInclude Include="Cathode.h">
      <Filter>Source Files</Filter>
    </ClInclude>
    <ClInclude Include="Thermodynamic.h">
      <Filter>Source Files</Filter>
    </ClInclude>
    <ClInclude Include="userInput.h">
      <Filter>Source Files</Filter>
    </ClInclude>
    <ClInclude Include="Membrane.h">
      <Filter>Source Files</Filter>
    </ClInclude>
    <ClInclude Include="supportLib.hpp">
      <Filter>Source Files</Filter>
    </ClInclude>
    <ClInclude Include="IncompressibleFilling.h">
      <Filter>Source Files</Filter>
    </ClInclude>
    <ClInclude Include="gnuplot.h">
      <Filter>Source Files</Filter>
    </ClInclude>
    <ClInclude Include="Emptying.h">
      <Filter>Source Files</Filter>
    </ClInclude>
    <ClInclude Include="discharging.h">
      <Filter>Source Files</Filter>
    </ClInclude>
    <ClInclude Include="AirCompressor.h">
      <Filter>Source Files</Filter>
    </ClInclude>
    <ClInclude Include="AirStorageTank.h">
      <Filter>Source Files</Filter>
    </ClInclude>
    <ClInclude Include="HydrogenCompressor.h">
      <Filter>Source Files</Filter>
    </ClInclude>
    <ClInclude Include="HydrogenStorageTank.h">
      <Filter>Source Files</Filter>
    </ClInclude>
  </ItemGroup>
</Project>